
Microsoft Visual Studio Solution File, Format Version 12.00
# Visual Studio Version 16
VisualStudioVersion = 16.0.29911.84
MinimumVisualStudioVersion = 10.0.40219.1
Project("{FAE04EC0-301F-11D3-BF4B-00C04F79EFBC}") = "DDWork", "DDWork\DDWork.csproj", "{B8C9DC00-06BA-45EF-A5BB-149AB82C72DF}"
EndProject
Global
	GlobalSection(SolutionConfigurationPlatforms) = preSolution
		Debug|Any CPU = Debug|Any CPU
		Release|Any CPU = Release|Any CPU
	EndGlobalSection
	GlobalSection(ProjectConfigurationPlatforms) = postSolution
		{B8C9DC00-06BA-45EF-A5BB-149AB82C72DF}.Debug|Any CPU.ActiveCfg = Debug|Any CPU
		{B8C9DC00-06BA-45EF-A5BB-149AB82C72DF}.Debug|Any CPU.Build.0 = Debug|Any CPU
		{B8C9DC00-06BA-45EF-A5BB-149AB82C72DF}.Release|Any CPU.ActiveCfg = Release|Any CPU
		{B8C9DC00-06BA-45EF-A5BB-149AB82C72DF}.Release|Any CPU.Build.0 = Release|Any CPU
	EndGlobalSection
	GlobalSection(SolutionProperties) = preSolution
		HideSolutionNode = FALSE
	EndGlobalSection
	GlobalSection(ExtensibilityGlobals) = postSolution
		SolutionGuid = {43AEE4CB-8ACB-4BD8-A09E-6B2EB62A2FC3}
	EndGlobalSection
EndGlobal
